{
    "name": "@mfcollins3/website",
    "version": "1.0.0",
    "lockfileVersion": 3,
    "requires": true,
    "packages": {
        "": {
            "name": "@mfcollins3/website",
            "version": "1.0.0",
            "license": "CC-BY-4.0",
            "devDependencies": {},
            "engines": {
                "node": "20.11.1"
            }
        }
    }
}
